
Microsoft Visual Studio Solution File, Format Version 12.00
# Visual Studio Version 17
VisualStudioVersion = 17.3.32929.385
MinimumVisualStudioVersion = 10.0.40219.1
Project("{2150E333-8FDC-42A3-9474-1A3956D46DE8}") = "src", "src", "{3CF4E3E3-3977-4E3C-A614-FF2E964DF05D}"
EndProject
Project("{2150E333-8FDC-42A3-9474-1A3956D46DE8}") = "Presentation", "Presentation", "{926A70CC-A5F3-4FC9-80EA-57EDBE5E898D}"
EndProject
Project("{2150E333-8FDC-42A3-9474-1A3956D46DE8}") = "Services", "Services", "{3ED38C5F-4B5D-4AB1-8A8B-D2D656832FB2}"
EndProject
Project("{2150E333-8FDC-42A3-9474-1A3956D46DE8}") = "Attendance", "Attendance", "{3E9883AB-3CA8-4684-8555-EF504D1A6D81}"
EndProject
Project("{FAE04EC0-301F-11D3-BF4B-00C04F79EFBC}") = "OSA.WebApi", "OSA.WebApi\OSA.WebApi.csproj", "{BC9A664F-92C3-497A-84B5-8C3642106AFE}"
EndProject
Project("{FAE04EC0-301F-11D3-BF4B-00C04F79EFBC}") = "OSA.Application", "OSA.Application\OSA.Application.csproj", "{891AB3D9-C300-4F15-A76F-4014A3028ECD}"
EndProject
Project("{FAE04EC0-301F-11D3-BF4B-00C04F79EFBC}") = "OSA.Domain", "OSA.Domain\OSA.Domain.csproj", "{73C6D986-5145-498D-9454-00A467BECB74}"
EndProject
Project("{FAE04EC0-301F-11D3-BF4B-00C04F79EFBC}") = "OSA.Infrastructure", "OSA.Infrastructure\OSA.Infrastructure.csproj", "{54423F6F-5E6B-4AD8-8357-6450514A3294}"
EndProject
Global
	GlobalSection(SolutionConfigurationPlatforms) = preSolution
		Debug|Any CPU = Debug|Any CPU
		Release|Any CPU = Release|Any CPU
	EndGlobalSection
	GlobalSection(ProjectConfigurationPlatforms) = postSolution
		{BC9A664F-92C3-497A-84B5-8C3642106AFE}.Debug|Any CPU.ActiveCfg = Debug|Any CPU
		{BC9A664F-92C3-497A-84B5-8C3642106AFE}.Debug|Any CPU.Build.0 = Debug|Any CPU
		{BC9A664F-92C3-497A-84B5-8C3642106AFE}.Release|Any CPU.ActiveCfg = Release|Any CPU
		{BC9A664F-92C3-497A-84B5-8C3642106AFE}.Release|Any CPU.Build.0 = Release|Any CPU
		{891AB3D9-C300-4F15-A76F-4014A3028ECD}.Debug|Any CPU.ActiveCfg = Debug|Any CPU
		{891AB3D9-C300-4F15-A76F-4014A3028ECD}.Debug|Any CPU.Build.0 = Debug|Any CPU
		{891AB3D9-C300-4F15-A76F-4014A3028ECD}.Release|Any CPU.ActiveCfg = Release|Any CPU
		{891AB3D9-C300-4F15-A76F-4014A3028ECD}.Release|Any CPU.Build.0 = Release|Any CPU
		{73C6D986-5145-498D-9454-00A467BECB74}.Debug|Any CPU.ActiveCfg = Debug|Any CPU
		{73C6D986-5145-498D-9454-00A467BECB74}.Debug|Any CPU.Build.0 = Debug|Any CPU
		{73C6D986-5145-498D-9454-00A467BECB74}.Release|Any CPU.ActiveCfg = Release|Any CPU
		{73C6D986-5145-498D-9454-00A467BECB74}.Release|Any CPU.Build.0 = Release|Any CPU
		{54423F6F-5E6B-4AD8-8357-6450514A3294}.Debug|Any CPU.ActiveCfg = Debug|Any CPU
		{54423F6F-5E6B-4AD8-8357-6450514A3294}.Debug|Any CPU.Build.0 = Debug|Any CPU
		{54423F6F-5E6B-4AD8-8357-6450514A3294}.Release|Any CPU.ActiveCfg = Release|Any CPU
		{54423F6F-5E6B-4AD8-8357-6450514A3294}.Release|Any CPU.Build.0 = Release|Any CPU
	EndGlobalSection
	GlobalSection(SolutionProperties) = preSolution
		HideSolutionNode = FALSE
	EndGlobalSection
	GlobalSection(NestedProjects) = preSolution
		{926A70CC-A5F3-4FC9-80EA-57EDBE5E898D} = {3CF4E3E3-3977-4E3C-A614-FF2E964DF05D}
		{3ED38C5F-4B5D-4AB1-8A8B-D2D656832FB2} = {3CF4E3E3-3977-4E3C-A614-FF2E964DF05D}
		{3E9883AB-3CA8-4684-8555-EF504D1A6D81} = {3ED38C5F-4B5D-4AB1-8A8B-D2D656832FB2}
		{BC9A664F-92C3-497A-84B5-8C3642106AFE} = {3E9883AB-3CA8-4684-8555-EF504D1A6D81}
		{891AB3D9-C300-4F15-A76F-4014A3028ECD} = {3E9883AB-3CA8-4684-8555-EF504D1A6D81}
		{73C6D986-5145-498D-9454-00A467BECB74} = {3E9883AB-3CA8-4684-8555-EF504D1A6D81}
		{54423F6F-5E6B-4AD8-8357-6450514A3294} = {3E9883AB-3CA8-4684-8555-EF504D1A6D81}
	EndGlobalSection
	GlobalSection(ExtensibilityGlobals) = postSolution
		SolutionGuid = {AC8FABE8-6A1D-4F88-A3DA-0058F7157523}
	EndGlobalSection
EndGlobal
